
Microsoft Visual Studio Solution File, Format Version 12.00
Project("{FAE04EC0-301F-11D3-BF4B-00C04F79EFBC}") = "Recipes.API", "Recipes.API\Recipes.API.csproj", "{3EE48233-E34C-47DC-BBEC-2D56DB245118}"
EndProject
Project("{FAE04EC0-301F-11D3-BF4B-00C04F79EFBC}") = "Recipes.Data", "Recipes.Data\Recipes.Data.csproj", "{2394B6EA-1DB1-4E43-99C4-7FE7E4E39CEF}"
EndProject
Global
	GlobalSection(SolutionConfigurationPlatforms) = preSolution
		Debug|Any CPU = Debug|Any CPU
		Release|Any CPU = Release|Any CPU
	EndGlobalSection
	GlobalSection(ProjectConfigurationPlatforms) = postSolution
		{3EE48233-E34C-47DC-BBEC-2D56DB245118}.Debug|Any CPU.ActiveCfg = Debug|Any CPU
		{3EE48233-E34C-47DC-BBEC-2D56DB245118}.Debug|Any CPU.Build.0 = Debug|Any CPU
		{3EE48233-E34C-47DC-BBEC-2D56DB245118}.Release|Any CPU.ActiveCfg = Release|Any CPU
		{3EE48233-E34C-47DC-BBEC-2D56DB245118}.Release|Any CPU.Build.0 = Release|Any CPU
		{2394B6EA-1DB1-4E43-99C4-7FE7E4E39CEF}.Debug|Any CPU.ActiveCfg = Debug|Any CPU
		{2394B6EA-1DB1-4E43-99C4-7FE7E4E39CEF}.Debug|Any CPU.Build.0 = Debug|Any CPU
		{2394B6EA-1DB1-4E43-99C4-7FE7E4E39CEF}.Release|Any CPU.ActiveCfg = Release|Any CPU
		{2394B6EA-1DB1-4E43-99C4-7FE7E4E39CEF}.Release|Any CPU.Build.0 = Release|Any CPU
	EndGlobalSection
EndGlobal
